
Microsoft Visual Studio Solution File, Format Version 12.00
Project("{FAE04EC0-301F-11D3-BF4B-00C04F79EFBC}") = "Kvaiha", "Kvaiha\Kvaiha.csproj", "{E45E8016-E45A-4AE1-B9F1-D684A83C043E}"
EndProject
Project("{FAE04EC0-301F-11D3-BF4B-00C04F79EFBC}") = "Kvaiha.Debug.Cli", "Kvaiha.Debug.Cli\Kvaiha.Debug.Cli.csproj", "{DFB35B4F-7132-49A2-BA29-A393589CA8C5}"
EndProject
Global
	GlobalSection(SolutionConfigurationPlatforms) = preSolution
		Debug|Any CPU = Debug|Any CPU
		Release|Any CPU = Release|Any CPU
	EndGlobalSection
	GlobalSection(ProjectConfigurationPlatforms) = postSolution
		{E45E8016-E45A-4AE1-B9F1-D684A83C043E}.Debug|Any CPU.ActiveCfg = Debug|Any CPU
		{E45E8016-E45A-4AE1-B9F1-D684A83C043E}.Debug|Any CPU.Build.0 = Debug|Any CPU
		{E45E8016-E45A-4AE1-B9F1-D684A83C043E}.Release|Any CPU.ActiveCfg = Release|Any CPU
		{E45E8016-E45A-4AE1-B9F1-D684A83C043E}.Release|Any CPU.Build.0 = Release|Any CPU
		{DFB35B4F-7132-49A2-BA29-A393589CA8C5}.Debug|Any CPU.ActiveCfg = Debug|Any CPU
		{DFB35B4F-7132-49A2-BA29-A393589CA8C5}.Debug|Any CPU.Build.0 = Debug|Any CPU
		{DFB35B4F-7132-49A2-BA29-A393589CA8C5}.Release|Any CPU.ActiveCfg = Release|Any CPU
		{DFB35B4F-7132-49A2-BA29-A393589CA8C5}.Release|Any CPU.Build.0 = Release|Any CPU
	EndGlobalSection
EndGlobal
